<?xml version="1.0" encoding="utf-8"?>
<Project ToolsVersion="4.0" xmlns="http://schemas.microsoft.com/developer/msbuild/2003">
  <ItemGroup>
    <ClInclude Include="OptimizeEditBox.h" />
    <ClInclude Include="OptimizeEditBox_Hook.h" />
    <ClInclude Include="delay_timer.h" />
    <ClInclude Include="editbox_predicates.h" />
  </ItemGroup>
  <ItemGroup>
    <ClCompile Include="OptimizeEditBox.cpp" />
    <ClCompile Include="OptimizeEditBox_Filter.cpp" />
    <ClCompile Include="OptimizeEditBox_Hook.cpp" />
  </ItemGroup>
</Project>